
Microsoft Visual Studio Solution File, Format Version 11.00
# Visual Studio 2010
Project("{FAE04EC0-301F-11D3-BF4B-00C04F79EFBC}") = "AphelionCore", "AphelionCore\AphelionCore.csproj", "{DA09A588-2AE0-4966-BACB-3397E5DBEB3F}"
EndProject
Project("{FAE04EC0-301F-11D3-BF4B-00C04F79EFBC}") = "AphelionCommonControls", "AphelionCommonControls\AphelionCommonControls.csproj", "{756FA8AF-72AB-4C64-B479-BDEEDA6E811B}"
EndProject
Project("{FAE04EC0-301F-11D3-BF4B-00C04F79EFBC}") = "AphelionCP7Helper", "AphelionCP7Helper\AphelionCP7Helper.csproj", "{E2B7E596-FE39-440B-B48B-0A72C44FCA7A}"
EndProject
Project("{FAE04EC0-301F-11D3-BF4B-00C04F79EFBC}") = "AphelionExtendedControls", "AphelionExtendedControls\AphelionExtendedControls.csproj", "{24FE22F5-1A2E-4325-AB30-35DA0EFFF189}"
EndProject
Project("{FAE04EC0-301F-11D3-BF4B-00C04F79EFBC}") = "AphelionModal", "AphelionModal\AphelionModal.csproj", "{F25F11AB-6C52-4CF4-BA55-E56D50B3D4CA}"
EndProject
Project("{FAE04EC0-301F-11D3-BF4B-00C04F79EFBC}") = "AphelionResources", "AphelionResources\AphelionResources.csproj", "{207D8B63-02E6-48F9-8489-45C559B0B58A}"
EndProject
Project("{FAE04EC0-301F-11D3-BF4B-00C04F79EFBC}") = "AphelionVDS", "AphelionVDS\AphelionVDS.csproj", "{9A7673EF-511B-4B0B-B03D-48B125E65ACA}"
EndProject
Global
	GlobalSection(SolutionConfigurationPlatforms) = preSolution
		Debug|Any CPU = Debug|Any CPU
		Release|Any CPU = Release|Any CPU
	EndGlobalSection
	GlobalSection(ProjectConfigurationPlatforms) = postSolution
		{DA09A588-2AE0-4966-BACB-3397E5DBEB3F}.Debug|Any CPU.ActiveCfg = Debug|Any CPU
		{DA09A588-2AE0-4966-BACB-3397E5DBEB3F}.Debug|Any CPU.Build.0 = Debug|Any CPU
		{DA09A588-2AE0-4966-BACB-3397E5DBEB3F}.Release|Any CPU.ActiveCfg = Release|Any CPU
		{DA09A588-2AE0-4966-BACB-3397E5DBEB3F}.Release|Any CPU.Build.0 = Release|Any CPU
		{756FA8AF-72AB-4C64-B479-BDEEDA6E811B}.Debug|Any CPU.ActiveCfg = Debug|Any CPU
		{756FA8AF-72AB-4C64-B479-BDEEDA6E811B}.Debug|Any CPU.Build.0 = Debug|Any CPU
		{756FA8AF-72AB-4C64-B479-BDEEDA6E811B}.Release|Any CPU.ActiveCfg = Release|Any CPU
		{756FA8AF-72AB-4C64-B479-BDEEDA6E811B}.Release|Any CPU.Build.0 = Release|Any CPU
		{E2B7E596-FE39-440B-B48B-0A72C44FCA7A}.Debug|Any CPU.ActiveCfg = Debug|Any CPU
		{E2B7E596-FE39-440B-B48B-0A72C44FCA7A}.Debug|Any CPU.Build.0 = Debug|Any CPU
		{E2B7E596-FE39-440B-B48B-0A72C44FCA7A}.Release|Any CPU.ActiveCfg = Release|Any CPU
		{E2B7E596-FE39-440B-B48B-0A72C44FCA7A}.Release|Any CPU.Build.0 = Release|Any CPU
		{24FE22F5-1A2E-4325-AB30-35DA0EFFF189}.Debug|Any CPU.ActiveCfg = Debug|Any CPU
		{24FE22F5-1A2E-4325-AB30-35DA0EFFF189}.Debug|Any CPU.Build.0 = Debug|Any CPU
		{24FE22F5-1A2E-4325-AB30-35DA0EFFF189}.Release|Any CPU.ActiveCfg = Release|Any CPU
		{24FE22F5-1A2E-4325-AB30-35DA0EFFF189}.Release|Any CPU.Build.0 = Release|Any CPU
		{F25F11AB-6C52-4CF4-BA55-E56D50B3D4CA}.Debug|Any CPU.ActiveCfg = Debug|Any CPU
		{F25F11AB-6C52-4CF4-BA55-E56D50B3D4CA}.Debug|Any CPU.Build.0 = Debug|Any CPU
		{F25F11AB-6C52-4CF4-BA55-E56D50B3D4CA}.Release|Any CPU.ActiveCfg = Release|Any CPU
		{F25F11AB-6C52-4CF4-BA55-E56D50B3D4CA}.Release|Any CPU.Build.0 = Release|Any CPU
		{207D8B63-02E6-48F9-8489-45C559B0B58A}.Debug|Any CPU.ActiveCfg = Debug|Any CPU
		{207D8B63-02E6-48F9-8489-45C559B0B58A}.Debug|Any CPU.Build.0 = Debug|Any CPU
		{207D8B63-02E6-48F9-8489-45C559B0B58A}.Release|Any CPU.ActiveCfg = Release|Any CPU
		{207D8B63-02E6-48F9-8489-45C559B0B58A}.Release|Any CPU.Build.0 = Release|Any CPU
		{9A7673EF-511B-4B0B-B03D-48B125E65ACA}.Debug|Any CPU.ActiveCfg = Debug|Any CPU
		{9A7673EF-511B-4B0B-B03D-48B125E65ACA}.Debug|Any CPU.Build.0 = Debug|Any CPU
		{9A7673EF-511B-4B0B-B03D-48B125E65ACA}.Release|Any CPU.ActiveCfg = Release|Any CPU
		{9A7673EF-511B-4B0B-B03D-48B125E65ACA}.Release|Any CPU.Build.0 = Release|Any CPU
	EndGlobalSection
	GlobalSection(SolutionProperties) = preSolution
		HideSolutionNode = FALSE
	EndGlobalSection
EndGlobal
